
Microsoft Visual Studio Solution File, Format Version 12.00
# Visual Studio Version 17
VisualStudioVersion = 17.3.32929.385
MinimumVisualStudioVersion = 10.0.40219.1
Project("{FAE04EC0-301F-11D3-BF4B-00C04F79EFBC}") = "MoviesAPI", "MoviesAPI\MoviesAPI.csproj", "{0230FE1D-8882-46B3-9BCA-5B02F54628E3}"
EndProject
Global
	GlobalSection(SolutionConfigurationPlatforms) = preSolution
		Debug|Any CPU = Debug|Any CPU
		Release|Any CPU = Release|Any CPU
	EndGlobalSection
	GlobalSection(ProjectConfigurationPlatforms) = postSolution
		{0230FE1D-8882-46B3-9BCA-5B02F54628E3}.Debug|Any CPU.ActiveCfg = Debug|Any CPU
		{0230FE1D-8882-46B3-9BCA-5B02F54628E3}.Debug|Any CPU.Build.0 = Debug|Any CPU
		{0230FE1D-8882-46B3-9BCA-5B02F54628E3}.Release|Any CPU.ActiveCfg = Release|Any CPU
		{0230FE1D-8882-46B3-9BCA-5B02F54628E3}.Release|Any CPU.Build.0 = Release|Any CPU
	EndGlobalSection
	GlobalSection(SolutionProperties) = preSolution
		HideSolutionNode = FALSE
	EndGlobalSection
	GlobalSection(ExtensibilityGlobals) = postSolution
		SolutionGuid = {B421A298-86DF-4187-B43E-DFA346FE4D79}
	EndGlobalSection
EndGlobal
